// !$*UTF8*$!
{
	archiveVersion = 1;
	classes = {
	};
	objectVersion = 50;
	objects = {

/* Begin PBXBuildFile section */
		AA6ECEC321A7FD3300EEAE5D /* AppDelegate.swift in Sources */ = {isa = PBXBuildFile; fileRef = AA6ECEC221A7FD3300EEAE5D /* AppDelegate.swift */; };
		AA6ECEC521A7FD3300EEAE5D /* ViewController.swift in Sources */ = {isa = PBXBuildFile; fileRef = AA6ECEC421A7FD3300EEAE5D /* ViewController.swift */; };
		AA6ECEC821A7FD3300EEAE5D /* Main.storyboard in Resources */ = {isa = PBXBuildFile; fileRef = AA6ECEC621A7FD3300EEAE5D /* Main.storyboard */; };
		AA6ECECB21A7FD3300EEAE5D /* Cuts_Design.xcdatamodeld in Sources */ = {isa = PBXBuildFile; fileRef = AA6ECEC921A7FD3300EEAE5D /* Cuts_Design.xcdatamodeld */; };
		AA6ECECD21A7FD3600EEAE5D /* Assets.xcassets in Resources */ = {isa = PBXBuildFile; fileRef = AA6ECECC21A7FD3600EEAE5D /* Assets.xcassets */; };
		AA6ECED021A7FD3600EEAE5D /* LaunchScreen.storyboard in Resources */ = {isa = PBXBuildFile; fileRef = AA6ECECE21A7FD3600EEAE5D /* LaunchScreen.storyboard */; };
/* End PBXBuildFile section */

/* Begin PBXFileReference section */
		AA6ECEBF21A7FD3300EEAE5D /* Cuts Design.app */ = {isa = PBXFileReference; explicitFileType = wrapper.application; includeInIndex = 0; path = "Cuts Design.app"; sourceTree = BUILT_PRODUCTS_DIR; };
		AA6ECEC221A7FD3300EEAE5D /* AppDelegate.swift */ = {isa = PBXFileReference; lastKnownFileType = sourcecode.swift; path = AppDelegate.swift; sourceTree = "<group>"; };
		AA6ECEC421A7FD3300EEAE5D /* ViewController.swift */ = {isa = PBXFileReference; lastKnownFileType = sourcecode.swift; path = ViewController.swift; sourceTree = "<group>"; };
		AA6ECEC721A7FD3300EEAE5D /* Base */ = {isa = PBXFileReference; lastKnownFileType = file.storyboard; name = Base; path = Base.lproj/Main.storyboard; sourceTree = "<group>"; };
		AA6ECECA21A7FD3300EEAE5D /* Cuts_Design.xcdatamodel */ = {isa = PBXFileReference; lastKnownFileType = wrapper.xcdatamodel; path = Cuts_Design.xcdatamodel; sourceTree = "<group>"; };
		AA6ECECC21A7FD3600EEAE5D /* Assets.xcassets */ = {isa = PBXFileReference; lastKnownFileType = folder.assetcatalog; path = Assets.xcassets; sourceTree = "<group>"; };
		AA6ECECF21A7FD3600EEAE5D /* Base */ = {isa = PBXFileReference; lastKnownFileType = file.storyboard; name = Base; path = Base.lproj/LaunchScreen.storyboard; sourceTree = "<group>"; };
		AA6ECED121A7FD3600EEAE5D /* Info.plist */ = {isa = PBXFileReference; lastKnownFileType = text.plist.xml; path = Info.plist; sourceTree = "<group>"; };
/* End PBXFileReference section */

/* Begin PBXFrameworksBuildPhase section */
		AA6ECEBC21A7FD3300EEAE5D /* Frameworks */ = {
			isa = PBXFrameworksBuildPhase;
			buildActionMask = 2147483647;
			files = (
			);
			runOnlyForDeploymentPostprocessing = 0;
		};
/* End PBXFrameworksBuildPhase section */

/* Begin PBXGroup section */
		AA6ECEB621A7FD3300EEAE5D = {
			isa = PBXGroup;
			children = (
				AA6ECEC121A7FD3300EEAE5D /* Cuts Design */,
				AA6ECEC021A7FD3300EEAE5D /* Products */,
			);
			sourceTree = "<group>";
		};
		AA6ECEC021A7FD3300EEAE5D /* Products */ = {
			isa = PBXGroup;
			children = (
				AA6ECEBF21A7FD3300EEAE5D /* Cuts Design.app */,
			);
			name = Products;
			sourceTree = "<group>";
		};
		AA6ECEC121A7FD3300EEAE5D /* Cuts Design */ = {
			isa = PBXGroup;
			children = (
				AA6ECEC221A7FD3300EEAE5D /* AppDelegate.swift */,
				AA6ECEC421A7FD3300EEAE5D /* ViewController.swift */,
				AA6ECEC621A7FD3300EEAE5D /* Main.storyboard */,
				AA6ECECC21A7FD3600EEAE5D /* Assets.xcassets */,
				AA6ECECE21A7FD3600EEAE5D /* LaunchScreen.storyboard */,
				AA6ECED121A7FD3600EEAE5D /* Info.plist */,
				AA6ECEC921A7FD3300EEAE5D /* Cuts_Design.xcdatamodeld */,
			);
			path = "Cuts Design";
			sourceTree = "<group>";
		};
/* End PBXGroup section */

/* Begin PBXNativeTarget section */
		AA6ECEBE21A7FD3300EEAE5D /* Cuts Design */ = {
			isa = PBXNativeTarget;
			buildConfigurationList = AA6ECED421A7FD3600EEAE5D /* Build configuration list for PBXNativeTarget "Cuts Design" */;
			buildPhases = (
				AA6ECEBB21A7FD3300EEAE5D /* Sources */,
				AA6ECEBC21A7FD3300EEAE5D /* Frameworks */,
				AA6ECEBD21A7FD3300EEAE5D /* Resources */,
			);
			buildRules = (
			);
			dependencies = (
			);
			name = "Cuts Design";
			productName = "Cuts Design";
			productReference = AA6ECEBF21A7FD3300EEAE5D /* Cuts Design.app */;
			productType = "com.apple.product-type.application";
		};
/* End PBXNativeTarget section */

/* Begin PBXProject section */
		AA6ECEB721A7FD3300EEAE5D /* Project object */ = {
			isa = PBXProject;
			attributes = {
				LastSwiftUpdateCheck = 1010;
				LastUpgradeCheck = 1010;
				ORGANIZATIONNAME = "Christian Emil Bach";
				TargetAttributes = {
					AA6ECEBE21A7FD3300EEAE5D = {
						CreatedOnToolsVersion = 10.1;
					};
				};
			};
			buildConfigurationList = AA6ECEBA21A7FD3300EEAE5D /* Build configuration list for PBXProject "Cuts Design" */;
			compatibilityVersion = "Xcode 9.3";
			developmentRegion = en;
			hasScannedForEncodings = 0;
			knownRegions = (
				en,
				Base,
			);
			mainGroup = AA6ECEB621A7FD3300EEAE5D;
			productRefGroup = AA6ECEC021A7FD3300EEAE5D /* Products */;
			projectDirPath = "";
			projectRoot = "";
			targets = (
				AA6ECEBE21A7FD3300EEAE5D /* Cuts Design */,
			);
		};
/* End PBXProject section */

/* Begin PBXResourcesBuildPhase section */
		AA6ECEBD21A7FD3300EEAE5D /* Resources */ = {
			isa = PBXResourcesBuildPhase;
			buildActionMask = 2147483647;
			files = (
				AA6ECED021A7FD3600EEAE5D /* LaunchScreen.storyboard in Resources */,
				AA6ECECD21A7FD3600EEAE5D /* Assets.xcassets in Resources */,
				AA6ECEC821A7FD3300EEAE5D /* Main.storyboard in Resources */,
			);
			runOnlyForDeploymentPostprocessing = 0;
		};
/* End PBXResourcesBuildPhase section */

/* Begin PBXSourcesBuildPhase section */
		AA6ECEBB21A7FD3300EEAE5D /* Sources */ = {
			isa = PBXSourcesBuildPhase;
			buildActionMask = 2147483647;
			files = (
				AA6ECEC521A7FD3300EEAE5D /* ViewController.swift in Sources */,
				AA6ECECB21A7FD3300EEAE5D /* Cuts_Design.xcdatamodeld in Sources */,
				AA6ECEC321A7FD3300EEAE5D /* AppDelegate.swift in Sources */,
			);
			runOnlyForDeploymentPostprocessing = 0;
		};
/* End PBXSourcesBuildPhase section */

/* Begin PBXVariantGroup section */
		AA6ECEC621A7FD3300EEAE5D /* Main.storyboard */ = {
			isa = PBXVariantGroup;
			children = (
				AA6ECEC721A7FD3300EEAE5D /* Base */,
			);
			name = Main.storyboard;
			sourceTree = "<group>";
		};
		AA6ECECE21A7FD3600EEAE5D /* LaunchScreen.storyboard */ = {
			isa = PBXVariantGroup;
			children = (
				AA6ECECF21A7FD3600EEAE5D /* Base */,
			);
			name = LaunchScreen.storyboard;
			sourceTree = "<group>";
		};
/* End PBXVariantGroup section */

/* Begin XCBuildConfiguration section */
		AA6ECED221A7FD3600EEAE5D /* Debug */ = {
			isa = XCBuildConfiguration;
			buildSettings = {
				ALWAYS_SEARCH_USER_PATHS = NO;
				CLANG_ANALYZER_NONNULL = YES;
				CLANG_ANALYZER_NUMBER_OBJECT_CONVERSION = YES_AGGRESSIVE;
				CLANG_CXX_LANGUAGE_STANDARD = "gnu++14";
				CLANG_CXX_LIBRARY = "libc++";
				CLANG_ENABLE_MODULES = YES;
				CLANG_ENABLE_OBJC_ARC = YES;
				CLANG_ENABLE_OBJC_WEAK = YES;
				CLANG_WARN_BLOCK_CAPTURE_AUTORELEASING = YES;
				CLANG_WARN_BOOL_CONVERSION = YES;
				CLANG_WARN_COMMA = YES;
				CLANG_WARN_CONSTANT_CONVERSION = YES;
				CLANG_WARN_DEPRECATED_OBJC_IMPLEMENTATIONS = YES;
				CLANG_WARN_DIRECT_OBJC_ISA_USAGE = YES_ERROR;
				CLANG_WARN_DOCUMENTATION_COMMENTS = YES;
				CLANG_WARN_EMPTY_BODY = YES;
				CLANG_WARN_ENUM_CONVERSION = YES;
				CLANG_WARN_INFINITE_RECURSION = YES;
				CLANG_WARN_INT_CONVERSION = YES;
				CLANG_WARN_NON_LITERAL_NULL_CONVERSION = YES;
				CLANG_WARN_OBJC_IMPLICIT_RETAIN_SELF = YES;
				CLANG_WARN_OBJC_LITERAL_CONVERSION = YES;
				CLANG_WARN_OBJC_ROOT_CLASS = YES_ERROR;
				CLANG_WARN_RANGE_LOOP_ANALYSIS = YES;
				CLANG_WARN_STRICT_PROTOTYPES = YES;
				CLANG_WARN_SUSPICIOUS_MOVE = YES;
				CLANG_WARN_UNGUARDED_AVAILABILITY = YES_AGGRESSIVE;
				CLANG_WARN_UNREACHABLE_CODE = YES;
				CLANG_WARN__DUPLICATE_METHOD_MATCH = YES;
				CODE_SIGN_IDENTITY = "iPhone Developer";
				COPY_PHASE_STRIP = NO;
				DEBUG_INFORMATION_FORMAT = dwarf;
				ENABLE_STRICT_OBJC_MSGSEND = YES;
				ENABLE_TESTABILITY = YES;
				GCC_C_LANGUAGE_STANDARD = gnu11;
				GCC_DYNAMIC_NO_PIC = NO;
				GCC_NO_COMMON_BLOCKS = YES;
				GCC_OPTIMIZATION_LEVEL = 0;
				GCC_PREPROCESSOR_DEFINITIONS = (
					"DEBUG=1",
					"$(inherited)",
				);
				GCC_WARN_64_TO_32_BIT_CONVERSION = YES;
				GCC_WARN_ABOUT_RETURN_TYPE = YES_ERROR;
				GCC_WARN_UNDECLARED_SELECTOR = YES;
				GCC_WARN_UNINITIALIZED_AUTOS = YES_AGGRESSIVE;
				GCC_WARN_UNUSED_FUNCTION = YES;
				GCC_WARN_UNUSED_VARIABLE = YES;
				IPHONEOS_DEPLOYMENT_TARGET = 12.1;
				MTL_ENABLE_DEBUG_INFO = INCLUDE_SOURCE;
				MTL_FAST_MATH = YES;
				ONLY_ACTIVE_ARCH = YES;
				SDKROOT = iphoneos;
				SWIFT_ACTIVE_COMPILATION_CONDITIONS = DEBUG;
				SWIFT_OPTIMIZATION_LEVEL = "-Onone";
			};
			name = Debug;
		};
		AA6ECED321A7FD3600EEAE5D /* Release */ = {
			isa = XCBuildConfiguration;
			buildSettings = {
				ALWAYS_SEARCH_USER_PATHS = NO;
				CLANG_ANALYZER_NONNULL = YES;
				CLANG_ANALYZER_NUMBER_OBJECT_CONVERSION = YES_AGGRESSIVE;
				CLANG_CXX_LANGUAGE_STANDARD = "gnu++14";
				CLANG_CXX_LIBRARY = "libc++";
				CLANG_ENABLE_MODULES = YES;
				CLANG_ENABLE_OBJC_ARC = YES;
				CLANG_ENABLE_OBJC_WEAK = YES;
				CLANG_WARN_BLOCK_CAPTURE_AUTORELEASING = YES;
				CLANG_WARN_BOOL_CONVERSION = YES;
				CLANG_WARN_COMMA = YES;
				CLANG_WARN_CONSTANT_CONVERSION = YES;
				CLANG_WARN_DEPRECATED_OBJC_IMPLEMENTATIONS = YES;
				CLANG_WARN_DIRECT_OBJC_ISA_USAGE = YES_ERROR;
				CLANG_WARN_DOCUMENTATION_COMMENTS = YES;
				CLANG_WARN_EMPTY_BODY = YES;
				CLANG_WARN_ENUM_CONVERSION = YES;
				CLANG_WARN_INFINITE_RECURSION = YES;
				CLANG_WARN_INT_CONVERSION = YES;
				CLANG_WARN_NON_LITERAL_NULL_CONVERSION = YES;
				CLANG_WARN_OBJC_IMPLICIT_RETAIN_SELF = YES;
				CLANG_WARN_OBJC_LITERAL_CONVERSION = YES;
				CLANG_WARN_OBJC_ROOT_CLASS = YES_ERROR;
				CLANG_WARN_RANGE_LOOP_ANALYSIS = YES;
				CLANG_WARN_STRICT_PROTOTYPES = YES;
				CLANG_WARN_SUSPICIOUS_MOVE = YES;
				CLANG_WARN_UNGUARDED_AVAILABILITY = YES_AGGRESSIVE;
				CLANG_WARN_UNREACHABLE_CODE = YES;
				CLANG_WARN__DUPLICATE_METHOD_MATCH = YES;
				CODE_SIGN_IDENTITY = "iPhone Developer";
				COPY_PHASE_STRIP = NO;
				DEBUG_INFORMATION_FORMAT = "dwarf-with-dsym";
				ENABLE_NS_ASSERTIONS = NO;
				ENABLE_STRICT_OBJC_MSGSEND = YES;
				GCC_C_LANGUAGE_STANDARD = gnu11;
				GCC_NO_COMMON_BLOCKS = YES;
				GCC_WARN_64_TO_32_BIT_CONVERSION = YES;
				GCC_WARN_ABOUT_RETURN_TYPE = YES_ERROR;
				GCC_WARN_UNDECLARED_SELECTOR = YES;
				GCC_WARN_UNINITIALIZED_AUTOS = YES_AGGRESSIVE;
				GCC_WARN_UNUSED_FUNCTION = YES;
				GCC_WARN_UNUSED_VARIABLE = YES;
				IPHONEOS_DEPLOYMENT_TARGET = 12.1;
				MTL_ENABLE_DEBUG_INFO = NO;
				MTL_FAST_MATH = YES;
				SDKROOT = iphoneos;
				SWIFT_COMPILATION_MODE = wholemodule;
				SWIFT_OPTIMIZATION_LEVEL = "-O";
				VALIDATE_PRODUCT = YES;
			};
			name = Release;
		};
		AA6ECED521A7FD3600EEAE5D /* Debug */ = {
			isa = XCBuildConfiguration;
			buildSettings = {
				ASSETCATALOG_COMPILER_APPICON_NAME = AppIcon;
				CODE_SIGN_STYLE = Automatic;
				DEVELOPMENT_TEAM = 73X7U29VSU;
				INFOPLIST_FILE = "Cuts Design/Info.plist";
				LD_RUNPATH_SEARCH_PATHS = (
					"$(inherited)",
					"@executable_path/Frameworks",
				);
				PRODUCT_BUNDLE_IDENTIFIER = "com.christianbach.Cuts-Design";
				PRODUCT_NAME = "$(TARGET_NAME)";
				SWIFT_VERSION = 4.2;
				TARGETED_DEVICE_FAMILY = "1,2";
			};
			name = Debug;
		};
		AA6ECED621A7FD3600EEAE5D /* Release */ = {
			isa = XCBuildConfiguration;
			buildSettings = {
				ASSETCATALOG_COMPILER_APPICON_NAME = AppIcon;
				CODE_SIGN_STYLE = Automatic;
				DEVELOPMENT_TEAM = 73X7U29VSU;
				INFOPLIST_FILE = "Cuts Design/Info.plist";
				LD_RUNPATH_SEARCH_PATHS = (
					"$(inherited)",
					"@executable_path/Frameworks",
				);
				PRODUCT_BUNDLE_IDENTIFIER = "com.christianbach.Cuts-Design";
				PRODUCT_NAME = "$(TARGET_NAME)";
				SWIFT_VERSION = 4.2;
				TARGETED_DEVICE_FAMILY = "1,2";
			};
			name = Release;
		};
/* End XCBuildConfiguration section */

/* Begin XCConfigurationList section */
		AA6ECEBA21A7FD3300EEAE5D /* Build configuration list for PBXProject "Cuts Design" */ = {
			isa = XCConfigurationList;
			buildConfigurations = (
				AA6ECED221A7FD3600EEAE5D /* Debug */,
				AA6ECED321A7FD3600EEAE5D /* Release */,
			);
			defaultConfigurationIsVisible = 0;
			defaultConfigurationName = Release;
		};
		AA6ECED421A7FD3600EEAE5D /* Build configuration list for PBXNativeTarget "Cuts Design" */ = {
			isa = XCConfigurationList;
			buildConfigurations = (
				AA6ECED521A7FD3600EEAE5D /* Debug */,
				AA6ECED621A7FD3600EEAE5D /* Release */,
			);
			defaultConfigurationIsVisible = 0;
			defaultConfigurationName = Release;
		};
/* End XCConfigurationList section */

/* Begin XCVersionGroup section */
		AA6ECEC921A7FD3300EEAE5D /* Cuts_Design.xcdatamodeld */ = {
			isa = XCVersionGroup;
			children = (
				AA6ECECA21A7FD3300EEAE5D /* Cuts_Design.xcdatamodel */,
			);
			currentVersion = AA6ECECA21A7FD3300EEAE5D /* Cuts_Design.xcdatamodel */;
			path = Cuts_Design.xcdatamodeld;
			sourceTree = "<group>";
			versionGroupType = wrapper.xcdatamodel;
		};
/* End XCVersionGroup section */
	};
	rootObject = AA6ECEB721A7FD3300EEAE5D /* Project object */;
}
